
Microsoft Visual Studio Solution File, Format Version 12.00
# Visual Studio 15
VisualStudioVersion = 15.0.28307.168
MinimumVisualStudioVersion = 10.0.40219.1
Project("{FAE04EC0-301F-11D3-BF4B-00C04F79EFBC}") = "LearningGitBranching", "LearningGitBranching\LearningGitBranching.csproj", "{93325729-701E-4E48-8157-2AA3DB89CBE5}"
EndProject
Global
	GlobalSection(SolutionConfigurationPlatforms) = preSolution
		Debug|Any CPU = Debug|Any CPU
		Release|Any CPU = Release|Any CPU
	EndGlobalSection
	GlobalSection(ProjectConfigurationPlatforms) = postSolution
		{93325729-701E-4E48-8157-2AA3DB89CBE5}.Debug|Any CPU.ActiveCfg = Debug|Any CPU
		{93325729-701E-4E48-8157-2AA3DB89CBE5}.Debug|Any CPU.Build.0 = Debug|Any CPU
		{93325729-701E-4E48-8157-2AA3DB89CBE5}.Release|Any CPU.ActiveCfg = Release|Any CPU
		{93325729-701E-4E48-8157-2AA3DB89CBE5}.Release|Any CPU.Build.0 = Release|Any CPU
	EndGlobalSection
	GlobalSection(SolutionProperties) = preSolution
		HideSolutionNode = FALSE
	EndGlobalSection
	GlobalSection(ExtensibilityGlobals) = postSolution
		SolutionGuid = {22A514E5-0000-4242-9FC0-0BB73D9084BE}
	EndGlobalSection
EndGlobal
